// !$*UTF8*$!
{
	archiveVersion = 1;
	classes = {
	};
	objectVersion = 46;
	objects = {

/* Begin PBXBuildFile section */
		95411A721E8C9CDB00505626 /* AppDelegate.swift in Sources */ = {isa = PBXBuildFile; fileRef = 95411A711E8C9CDB00505626 /* AppDelegate.swift */; };
		95411A741E8C9CDB00505626 /* ViewController.swift in Sources */ = {isa = PBXBuildFile; fileRef = 95411A731E8C9CDB00505626 /* ViewController.swift */; };
		95411A771E8C9CDB00505626 /* Main.storyboard in Resources */ = {isa = PBXBuildFile; fileRef = 95411A751E8C9CDB00505626 /* Main.storyboard */; };
		95411A791E8C9CDB00505626 /* Assets.xcassets in Resources */ = {isa = PBXBuildFile; fileRef = 95411A781E8C9CDB00505626 /* Assets.xcassets */; };
		95411A7C1E8C9CDB00505626 /* LaunchScreen.storyboard in Resources */ = {isa = PBXBuildFile; fileRef = 95411A7A1E8C9CDB00505626 /* LaunchScreen.storyboard */; };
		95411A841E8C9D1400505626 /* LineModel.swift in Sources */ = {isa = PBXBuildFile; fileRef = 95411A831E8C9D1400505626 /* LineModel.swift */; };
		95411A881E8C9FDA00505626 /* CropViewUseLayer.swift in Sources */ = {isa = PBXBuildFile; fileRef = 95411A871E8C9FDA00505626 /* CropViewUseLayer.swift */; };
		95411A8D1E8CED6C00505626 /* HinderModel.swift in Sources */ = {isa = PBXBuildFile; fileRef = 95411A8C1E8CED6C00505626 /* HinderModel.swift */; };
		95411A8F1E8CF2D300505626 /* ProduceWay.swift in Sources */ = {isa = PBXBuildFile; fileRef = 95411A8E1E8CF2D300505626 /* ProduceWay.swift */; };
/* End PBXBuildFile section */

/* Begin PBXFileReference section */
		95411A6E1E8C9CDB00505626 /* IrregularView.app */ = {isa = PBXFileReference; explicitFileType = wrapper.application; includeInIndex = 0; path = IrregularView.app; sourceTree = BUILT_PRODUCTS_DIR; };
		95411A711E8C9CDB00505626 /* AppDelegate.swift */ = {isa = PBXFileReference; lastKnownFileType = sourcecode.swift; path = AppDelegate.swift; sourceTree = "<group>"; };
		95411A731E8C9CDB00505626 /* ViewController.swift */ = {isa = PBXFileReference; lastKnownFileType = sourcecode.swift; path = ViewController.swift; sourceTree = "<group>"; };
		95411A761E8C9CDB00505626 /* Base */ = {isa = PBXFileReference; lastKnownFileType = file.storyboard; name = Base; path = Base.lproj/Main.storyboard; sourceTree = "<group>"; };
		95411A781E8C9CDB00505626 /* Assets.xcassets */ = {isa = PBXFileReference; lastKnownFileType = folder.assetcatalog; path = Assets.xcassets; sourceTree = "<group>"; };
		95411A7B1E8C9CDB00505626 /* Base */ = {isa = PBXFileReference; lastKnownFileType = file.storyboard; name = Base; path = Base.lproj/LaunchScreen.storyboard; sourceTree = "<group>"; };
		95411A7D1E8C9CDB00505626 /* Info.plist */ = {isa = PBXFileReference; lastKnownFileType = text.plist.xml; path = Info.plist; sourceTree = "<group>"; };
		95411A831E8C9D1400505626 /* LineModel.swift */ = {isa = PBXFileReference; fileEncoding = 4; lastKnownFileType = sourcecode.swift; path = LineModel.swift; sourceTree = "<group>"; };
		95411A871E8C9FDA00505626 /* CropViewUseLayer.swift */ = {isa = PBXFileReference; fileEncoding = 4; lastKnownFileType = sourcecode.swift; path = CropViewUseLayer.swift; sourceTree = "<group>"; };
		95411A8A1E8CE35100505626 /* AVFoundation.framework */ = {isa = PBXFileReference; lastKnownFileType = wrapper.framework; name = AVFoundation.framework; path = System/Library/Frameworks/AVFoundation.framework; sourceTree = SDKROOT; };
		95411A8C1E8CED6C00505626 /* HinderModel.swift */ = {isa = PBXFileReference; fileEncoding = 4; lastKnownFileType = sourcecode.swift; path = HinderModel.swift; sourceTree = "<group>"; };
		95411A8E1E8CF2D300505626 /* ProduceWay.swift */ = {isa = PBXFileReference; fileEncoding = 4; lastKnownFileType = sourcecode.swift; path = ProduceWay.swift; sourceTree = "<group>"; };
/* End PBXFileReference section */

/* Begin PBXFrameworksBuildPhase section */
		95411A6B1E8C9CDB00505626 /* Frameworks */ = {
			isa = PBXFrameworksBuildPhase;
			buildActionMask = 2147483647;
			files = (
			);
			runOnlyForDeploymentPostprocessing = 0;
		};
/* End PBXFrameworksBuildPhase section */

/* Begin PBXGroup section */
		95411A651E8C9CDB00505626 = {
			isa = PBXGroup;
			children = (
				95411A701E8C9CDB00505626 /* IrregularView */,
				95411A6F1E8C9CDB00505626 /* Products */,
				95411A891E8CE35100505626 /* Frameworks */,
			);
			sourceTree = "<group>";
		};
		95411A6F1E8C9CDB00505626 /* Products */ = {
			isa = PBXGroup;
			children = (
				95411A6E1E8C9CDB00505626 /* IrregularView.app */,
			);
			name = Products;
			sourceTree = "<group>";
		};
		95411A701E8C9CDB00505626 /* IrregularView */ = {
			isa = PBXGroup;
			children = (
				955D54C01E8E1E9D0095004C /* Controller */,
				955D54BF1E8E1E940095004C /* View */,
				955D54BE1E8E1E870095004C /* Model */,
				955D54C11E8E1EB50095004C /* Main */,
			);
			path = IrregularView;
			sourceTree = "<group>";
		};
		95411A891E8CE35100505626 /* Frameworks */ = {
			isa = PBXGroup;
			children = (
				95411A8A1E8CE35100505626 /* AVFoundation.framework */,
			);
			name = Frameworks;
			sourceTree = "<group>";
		};
		955D54BE1E8E1E870095004C /* Model */ = {
			isa = PBXGroup;
			children = (
				95411A8E1E8CF2D300505626 /* ProduceWay.swift */,
				95411A8C1E8CED6C00505626 /* HinderModel.swift */,
				95411A831E8C9D1400505626 /* LineModel.swift */,
			);
			name = Model;
			sourceTree = "<group>";
		};
		955D54BF1E8E1E940095004C /* View */ = {
			isa = PBXGroup;
			children = (
				95411A871E8C9FDA00505626 /* CropViewUseLayer.swift */,
			);
			name = View;
			sourceTree = "<group>";
		};
		955D54C01E8E1E9D0095004C /* Controller */ = {
			isa = PBXGroup;
			children = (
				95411A731E8C9CDB00505626 /* ViewController.swift */,
			);
			name = Controller;
			sourceTree = "<group>";
		};
		955D54C11E8E1EB50095004C /* Main */ = {
			isa = PBXGroup;
			children = (
				95411A711E8C9CDB00505626 /* AppDelegate.swift */,
				95411A751E8C9CDB00505626 /* Main.storyboard */,
				95411A781E8C9CDB00505626 /* Assets.xcassets */,
				95411A7A1E8C9CDB00505626 /* LaunchScreen.storyboard */,
				95411A7D1E8C9CDB00505626 /* Info.plist */,
			);
			name = Main;
			sourceTree = "<group>";
		};
/* End PBXGroup section */

/* Begin PBXNativeTarget section */
		95411A6D1E8C9CDB00505626 /* IrregularView */ = {
			isa = PBXNativeTarget;
			buildConfigurationList = 95411A801E8C9CDB00505626 /* Build configuration list for PBXNativeTarget "IrregularView" */;
			buildPhases = (
				95411A6A1E8C9CDB00505626 /* Sources */,
				95411A6B1E8C9CDB00505626 /* Frameworks */,
				95411A6C1E8C9CDB00505626 /* Resources */,
			);
			buildRules = (
			);
			dependencies = (
			);
			name = IrregularView;
			productName = IrregularView;
			productReference = 95411A6E1E8C9CDB00505626 /* IrregularView.app */;
			productType = "com.apple.product-type.application";
		};
/* End PBXNativeTarget section */

/* Begin PBXProject section */
		95411A661E8C9CDB00505626 /* Project object */ = {
			isa = PBXProject;
			attributes = {
				LastSwiftUpdateCheck = 0820;
				LastUpgradeCheck = 0820;
				ORGANIZATIONNAME = HSEDU;
				TargetAttributes = {
					95411A6D1E8C9CDB00505626 = {
						CreatedOnToolsVersion = 8.2.1;
						DevelopmentTeam = 93C85CNZYX;
						ProvisioningStyle = Automatic;
					};
				};
			};
			buildConfigurationList = 95411A691E8C9CDB00505626 /* Build configuration list for PBXProject "IrregularView" */;
			compatibilityVersion = "Xcode 3.2";
			developmentRegion = English;
			hasScannedForEncodings = 0;
			knownRegions = (
				en,
				Base,
			);
			mainGroup = 95411A651E8C9CDB00505626;
			productRefGroup = 95411A6F1E8C9CDB00505626 /* Products */;
			projectDirPath = "";
			projectRoot = "";
			targets = (
				95411A6D1E8C9CDB00505626 /* IrregularView */,
			);
		};
/* End PBXProject section */

/* Begin PBXResourcesBuildPhase section */
		95411A6C1E8C9CDB00505626 /* Resources */ = {
			isa = PBXResourcesBuildPhase;
			buildActionMask = 2147483647;
			files = (
				95411A7C1E8C9CDB00505626 /* LaunchScreen.storyboard in Resources */,
				95411A791E8C9CDB00505626 /* Assets.xcassets in Resources */,
				95411A771E8C9CDB00505626 /* Main.storyboard in Resources */,
			);
			runOnlyForDeploymentPostprocessing = 0;
		};
/* End PBXResourcesBuildPhase section */

/* Begin PBXSourcesBuildPhase section */
		95411A6A1E8C9CDB00505626 /* Sources */ = {
			isa = PBXSourcesBuildPhase;
			buildActionMask = 2147483647;
			files = (
				95411A741E8C9CDB00505626 /* ViewController.swift in Sources */,
				95411A8D1E8CED6C00505626 /* HinderModel.swift in Sources */,
				95411A721E8C9CDB00505626 /* AppDelegate.swift in Sources */,
				95411A881E8C9FDA00505626 /* CropViewUseLayer.swift in Sources */,
				95411A8F1E8CF2D300505626 /* ProduceWay.swift in Sources */,
				95411A841E8C9D1400505626 /* LineModel.swift in Sources */,
			);
			runOnlyForDeploymentPostprocessing = 0;
		};
/* End PBXSourcesBuildPhase section */

/* Begin PBXVariantGroup section */
		95411A751E8C9CDB00505626 /* Main.storyboard */ = {
			isa = PBXVariantGroup;
			children = (
				95411A761E8C9CDB00505626 /* Base */,
			);
			name = Main.storyboard;
			sourceTree = "<group>";
		};
		95411A7A1E8C9CDB00505626 /* LaunchScreen.storyboard */ = {
			isa = PBXVariantGroup;
			children = (
				95411A7B1E8C9CDB00505626 /* Base */,
			);
			name = LaunchScreen.storyboard;
			sourceTree = "<group>";
		};
/* End PBXVariantGroup section */

/* Begin XCBuildConfiguration section */
		95411A7E1E8C9CDB00505626 /* Debug */ = {
			isa = XCBuildConfiguration;
			buildSettings = {
				ALWAYS_SEARCH_USER_PATHS = NO;
				CLANG_ANALYZER_NONNULL = YES;
				CLANG_CXX_LANGUAGE_STANDARD = "gnu++0x";
				CLANG_CXX_LIBRARY = "libc++";
				CLANG_ENABLE_MODULES = YES;
				CLANG_ENABLE_OBJC_ARC = YES;
				CLANG_WARN_BOOL_CONVERSION = YES;
				CLANG_WARN_CONSTANT_CONVERSION = YES;
				CLANG_WARN_DIRECT_OBJC_ISA_USAGE = YES_ERROR;
				CLANG_WARN_DOCUMENTATION_COMMENTS = YES;
				CLANG_WARN_EMPTY_BODY = YES;
				CLANG_WARN_ENUM_CONVERSION = YES;
				CLANG_WARN_INFINITE_RECURSION = YES;
				CLANG_WARN_INT_CONVERSION = YES;
				CLANG_WARN_OBJC_ROOT_CLASS = YES_ERROR;
				CLANG_WARN_SUSPICIOUS_MOVE = YES;
				CLANG_WARN_UNREACHABLE_CODE = YES;
				CLANG_WARN__DUPLICATE_METHOD_MATCH = YES;
				"CODE_SIGN_IDENTITY[sdk=iphoneos*]" = "iPhone Developer";
				COPY_PHASE_STRIP = NO;
				DEBUG_INFORMATION_FORMAT = dwarf;
				ENABLE_STRICT_OBJC_MSGSEND = YES;
				ENABLE_TESTABILITY = YES;
				GCC_C_LANGUAGE_STANDARD = gnu99;
				GCC_DYNAMIC_NO_PIC = NO;
				GCC_NO_COMMON_BLOCKS = YES;
				GCC_OPTIMIZATION_LEVEL = 0;
				GCC_PREPROCESSOR_DEFINITIONS = (
					"DEBUG=1",
					"$(inherited)",
				);
				GCC_WARN_64_TO_32_BIT_CONVERSION = YES;
				GCC_WARN_ABOUT_RETURN_TYPE = YES_ERROR;
				GCC_WARN_UNDECLARED_SELECTOR = YES;
				GCC_WARN_UNINITIALIZED_AUTOS = YES_AGGRESSIVE;
				GCC_WARN_UNUSED_FUNCTION = YES;
				GCC_WARN_UNUSED_VARIABLE = YES;
				IPHONEOS_DEPLOYMENT_TARGET = 10.2;
				MTL_ENABLE_DEBUG_INFO = YES;
				ONLY_ACTIVE_ARCH = YES;
				SDKROOT = iphoneos;
				SWIFT_ACTIVE_COMPILATION_CONDITIONS = DEBUG;
				SWIFT_OPTIMIZATION_LEVEL = "-Onone";
			};
			name = Debug;
		};
		95411A7F1E8C9CDB00505626 /* Release */ = {
			isa = XCBuildConfiguration;
			buildSettings = {
				ALWAYS_SEARCH_USER_PATHS = NO;
				CLANG_ANALYZER_NONNULL = YES;
				CLANG_CXX_LANGUAGE_STANDARD = "gnu++0x";
				CLANG_CXX_LIBRARY = "libc++";
				CLANG_ENABLE_MODULES = YES;
				CLANG_ENABLE_OBJC_ARC = YES;
				CLANG_WARN_BOOL_CONVERSION = YES;
				CLANG_WARN_CONSTANT_CONVERSION = YES;
				CLANG_WARN_DIRECT_OBJC_ISA_USAGE = YES_ERROR;
				CLANG_WARN_DOCUMENTATION_COMMENTS = YES;
				CLANG_WARN_EMPTY_BODY = YES;
				CLANG_WARN_ENUM_CONVERSION = YES;
				CLANG_WARN_INFINITE_RECURSION = YES;
				CLANG_WARN_INT_CONVERSION = YES;
				CLANG_WARN_OBJC_ROOT_CLASS = YES_ERROR;
				CLANG_WARN_SUSPICIOUS_MOVE = YES;
				CLANG_WARN_UNREACHABLE_CODE = YES;
				CLANG_WARN__DUPLICATE_METHOD_MATCH = YES;
				"CODE_SIGN_IDENTITY[sdk=iphoneos*]" = "iPhone Developer";
				COPY_PHASE_STRIP = NO;
				DEBUG_INFORMATION_FORMAT = "dwarf-with-dsym";
				ENABLE_NS_ASSERTIONS = NO;
				ENABLE_STRICT_OBJC_MSGSEND = YES;
				GCC_C_LANGUAGE_STANDARD = gnu99;
				GCC_NO_COMMON_BLOCKS = YES;
				GCC_WARN_64_TO_32_BIT_CONVERSION = YES;
				GCC_WARN_ABOUT_RETURN_TYPE = YES_ERROR;
				GCC_WARN_UNDECLARED_SELECTOR = YES;
				GCC_WARN_UNINITIALIZED_AUTOS = YES_AGGRESSIVE;
				GCC_WARN_UNUSED_FUNCTION = YES;
				GCC_WARN_UNUSED_VARIABLE = YES;
				IPHONEOS_DEPLOYMENT_TARGET = 10.2;
				MTL_ENABLE_DEBUG_INFO = NO;
				SDKROOT = iphoneos;
				SWIFT_OPTIMIZATION_LEVEL = "-Owholemodule";
				VALIDATE_PRODUCT = YES;
			};
			name = Release;
		};
		95411A811E8C9CDB00505626 /* Debug */ = {
			isa = XCBuildConfiguration;
			buildSettings = {
				ASSETCATALOG_COMPILER_APPICON_NAME = AppIcon;
				DEVELOPMENT_TEAM = 93C85CNZYX;
				INFOPLIST_FILE = IrregularView/Info.plist;
				IPHONEOS_DEPLOYMENT_TARGET = 8.0;
				LD_RUNPATH_SEARCH_PATHS = "$(inherited) @executable_path/Frameworks";
				PRODUCT_BUNDLE_IDENTIFIER = com.Vyanke.cn;
				PRODUCT_NAME = "$(TARGET_NAME)";
				SWIFT_VERSION = 3.0;
			};
			name = Debug;
		};
		95411A821E8C9CDB00505626 /* Release */ = {
			isa = XCBuildConfiguration;
			buildSettings = {
				ASSETCATALOG_COMPILER_APPICON_NAME = AppIcon;
				DEVELOPMENT_TEAM = 93C85CNZYX;
				INFOPLIST_FILE = IrregularView/Info.plist;
				IPHONEOS_DEPLOYMENT_TARGET = 8.0;
				LD_RUNPATH_SEARCH_PATHS = "$(inherited) @executable_path/Frameworks";
				PRODUCT_BUNDLE_IDENTIFIER = com.Vyanke.cn;
				PRODUCT_NAME = "$(TARGET_NAME)";
				SWIFT_VERSION = 3.0;
			};
			name = Release;
		};
/* End XCBuildConfiguration section */

/* Begin XCConfigurationList section */
		95411A691E8C9CDB00505626 /* Build configuration list for PBXProject "IrregularView" */ = {
			isa = XCConfigurationList;
			buildConfigurations = (
				95411A7E1E8C9CDB00505626 /* Debug */,
				95411A7F1E8C9CDB00505626 /* Release */,
			);
			defaultConfigurationIsVisible = 0;
			defaultConfigurationName = Release;
		};
		95411A801E8C9CDB00505626 /* Build configuration list for PBXNativeTarget "IrregularView" */ = {
			isa = XCConfigurationList;
			buildConfigurations = (
				95411A811E8C9CDB00505626 /* Debug */,
				95411A821E8C9CDB00505626 /* Release */,
			);
			defaultConfigurationIsVisible = 0;
			defaultConfigurationName = Release;
		};
/* End XCConfigurationList section */
	};
	rootObject = 95411A661E8C9CDB00505626 /* Project object */;
}
